<?xml version="1.0" encoding="utf-8"?>
<Project ToolsVersion="4.0" xmlns="http://schemas.microsoft.com/developer/msbuild/2003">
  <ItemGroup>
    <Filter Include="Source Files">
      <UniqueIdentifier>{4FC737F1-C7A5-4376-A066-2A32D752A2FF}</UniqueIdentifier>
      <Extensions>cpp;c;cc;cxx;def;odl;idl;hpj;bat;asm;asmx</Extensions>
    </Filter>
    <Filter Include="Header Files">
      <UniqueIdentifier>{93995380-89BD-4b04-88EB-625FBE52EBFB}</UniqueIdentifier>
      <Extensions>h;hh;hpp;hxx;hm;inl;inc;xsd</Extensions>
    </Filter>
    <Filter Include="Resource Files">
      <UniqueIdentifier>{67DA6AB6-F800-4c08-8B7A-83BB121AAD01}</UniqueIdentifier>
      <Extensions>rc;ico;cur;bmp;dlg;rc2;rct;bin;rgs;gif;jpg;jpeg;jpe;resx;tiff;tif;png;wav;mfcribbon-ms</Extensions>
    </Filter>
    <Filter Include="Shader">
      <UniqueIdentifier>{d669745d-90aa-444b-87e6-e55316497197}</UniqueIdentifier>
    </Filter>
    <Filter Include="Shader\House">
      <UniqueIdentifier>{514812b8-abd3-48fa-88af-d67f4ec72973}</UniqueIdentifier>
    </Filter>
    <Filter Include="Shader\Utility">
      <UniqueIdentifier>{40df9adc-b364-4a64-85d8-c272e83f4f47}</UniqueIdentifier>
    </Filter>
    <Filter Include="Shader\Simple">
      <UniqueIdentifier>{102aaf33-1315-409f-ab01-75a9e0592b5f}</UniqueIdentifier>
    </Filter>
  </ItemGroup>
  <ItemGroup>
    <ClCompile Include="main.cpp">
      <Filter>Source Files</Filter>
    </ClCompile>
    <ClCompile Include="LoadShader.cpp">
      <Filter>Source Files</Filter>
    </ClCompile>
    <ClCompile Include="Controls.cpp">
      <Filter>Source Files</Filter>
    </ClCompile>
    <ClCompile Include="Object.cpp">
      <Filter>Source Files</Filter>
    </ClCompile>
  </ItemGroup>
  <ItemGroup>
    <ClInclude Include="LoadShader.h">
      <Filter>Header Files</Filter>
    </ClInclude>
    <ClInclude Include="Controls.h">
      <Filter>Header Files</Filter>
    </ClInclude>
    <ClInclude Include="RenderObject.h">
      <Filter>Header Files</Filter>
    </ClInclude>
  </ItemGroup>
  <ItemGroup>
    <None Include="g_normals_visualize.glsl">
      <Filter>Shader\Utility</Filter>
    </None>
    <None Include="f_input_color.glsl">
      <Filter>Shader\Simple</Filter>
    </None>
    <None Include="g_house.glsl">
      <Filter>Shader\House</Filter>
    </None>
    <None Include="v_simple.glsl">
      <Filter>Shader\Simple</Filter>
    </None>
    <None Include="v_normals_visualize.glsl">
      <Filter>Shader\Utility</Filter>
    </None>
  </ItemGroup>
</Project>